github.com/relax-space/gomod3B v1.1.0 h1:5fgYUQG3Z3IKNxjTW1k5BOvn96QHXMtDBO6i4EkgKmk=
github.com/relax-space/gomod3B v1.1.0/go.mod h1:x8C6mX4kLfzjIlGbeI55DmqJ56AR7ofA7PV5UCAMAfQ=
github.com/relax-space/gomod3C/v5 v5.0.0 h1:G6qYKcwNjshG9KWcflW5rgSg5FHsSyRguEG/EyhCMwI=
github.com/relax-space/gomod3C/v5 v5.0.0/go.mod h1:qCpw5v81PV/doX3TxCDO45S7Hx01etf9lnJk4A5SFSY=
github.com/relax-space/gomod3C/v6 v6.0.0 h1:UYpD9AfV/DCptNRJbSH2CNvOQ99wS4hTqVOArcKpkS0=
github.com/relax-space/gomod3C/v6 v6.0.0/go.mod h1:XTqk7UPdON+J6K4K0sAz8RDNvLnB2uNL27g+BBkV1TM=
